<?xml version="1.0" encoding="utf-8"?>
<Project ToolsVersion="4.0" xmlns="http://schemas.microsoft.com/developer/msbuild/2003">
  <ItemGroup>
    <Filter Include="Source Files">
      <UniqueIdentifier>{4FC737F1-C7A5-4376-A066-2A32D752A2FF}</UniqueIdentifier>
      <Extensions>cpp;c;cc;cxx;def;odl;idl;hpj;bat;asm;asmx</Extensions>
    </Filter>
    <Filter Include="Header Files">
      <UniqueIdentifier>{93995380-89BD-4b04-88EB-625FBE52EBFB}</UniqueIdentifier>
      <Extensions>h;hh;hpp;hxx;hm;inl;inc;xsd</Extensions>
    </Filter>
  </ItemGroup>
  <ItemGroup>
    <ClCompile Include="main.cpp">
      <Filter>Source Files</Filter>
    </ClCompile>
    <ClCompile Include="mainWindowProc.cpp">
      <Filter>Source Files</Filter>
    </ClCompile>
    <ClCompile Include="mainPrefs.cpp">
      <Filter>Source Files</Filter>
    </ClCompile>
    <ClCompile Include="mainMenu.cpp">
      <Filter>Source Files</Filter>
    </ClCompile>
    <ClCompile Include="chkModule.cpp">
      <Filter>Source Files</Filter>
    </ClCompile>
    <ClCompile Include="globalVars.cpp">
      <Filter>Source Files</Filter>
    </ClCompile>
    <ClCompile Include="appconst.cpp">
      <Filter>Source Files</Filter>
    </ClCompile>
    <ClCompile Include="mainEditControl.cpp">
      <Filter>Source Files</Filter>
    </ClCompile>
    <ClCompile Include="statusControl.cpp">
      <Filter>Source Files</Filter>
    </ClCompile>
    <ClCompile Include="fileIO.cpp">
      <Filter>Source Files</Filter>
    </ClCompile>
    <ClCompile Include="splashScreen.cpp">
      <Filter>Source Files</Filter>
    </ClCompile>
    <ClCompile Include="settingsDialog.cpp">
      <Filter>Source Files</Filter>
    </ClCompile>
    <ClCompile Include="toolBarControl.cpp">
      <Filter>Source Files</Filter>
    </ClCompile>
    <ClCompile Include="stdDialogBoxes.cpp">
      <Filter>Source Files</Filter>
    </ClCompile>
    <ClCompile Include="clipboardOps.cpp">
      <Filter>Source Files</Filter>
    </ClCompile>
    <ClCompile Include="translations.cpp">
      <Filter>Source Files</Filter>
    </ClCompile>
    <ClCompile Include="service.cpp">
      <Filter>Source Files</Filter>
    </ClCompile>
    <ClCompile Include="systemCheck.cpp">
      <Filter>Source Files</Filter>
    </ClCompile>
    <ClCompile Include="contextMenu.cpp">
      <Filter>Source Files</Filter>
    </ClCompile>
    <ClCompile Include="menuUtils.cpp">
      <Filter>Source Files</Filter>
    </ClCompile>
    <ClCompile Include="recentFiles.cpp">
      <Filter>Source Files</Filter>
    </ClCompile>
    <ClCompile Include="getLastError.cpp">
      <Filter>Source Files</Filter>
    </ClCompile>
    <ClCompile Include="mainEditUtils.cpp">
      <Filter>Source Files</Filter>
    </ClCompile>
    <ClCompile Include="aboutDialog.cpp">
      <Filter>Source Files</Filter>
    </ClCompile>
    <ClCompile Include="toolTip.cpp">
      <Filter>Source Files</Filter>
    </ClCompile>
    <ClCompile Include="timeDate.cpp">
      <Filter>Source Files</Filter>
    </ClCompile>
    <ClCompile Include="inputLangChange.cpp">
      <Filter>Source Files</Filter>
    </ClCompile>
  </ItemGroup>
  <ItemGroup>
    <ClInclude Include="menuids.h">
      <Filter>Header Files</Filter>
    </ClInclude>
    <ClInclude Include="appconst.h">
      <Filter>Header Files</Filter>
    </ClInclude>
    <ClInclude Include="mainPrefs.h">
      <Filter>Header Files</Filter>
    </ClInclude>
    <ClInclude Include="mainWindowProc.h">
      <Filter>Header Files</Filter>
    </ClInclude>
    <ClInclude Include="stdincld.h">
      <Filter>Header Files</Filter>
    </ClInclude>
    <ClInclude Include="editcontrol.h">
      <Filter>Header Files</Filter>
    </ClInclude>
    <ClInclude Include="mainMenu.h">
      <Filter>Header Files</Filter>
    </ClInclude>
    <ClInclude Include="globalVars.h">
      <Filter>Header Files</Filter>
    </ClInclude>
    <ClInclude Include="chkModule.h">
      <Filter>Header Files</Filter>
    </ClInclude>
    <ClInclude Include="mainEditControl.h">
      <Filter>Header Files</Filter>
    </ClInclude>
    <ClInclude Include="statusControl.h">
      <Filter>Header Files</Filter>
    </ClInclude>
    <ClInclude Include="nonMenuids.h">
      <Filter>Header Files</Filter>
    </ClInclude>
    <ClInclude Include="fileIO.h">
      <Filter>Header Files</Filter>
    </ClInclude>
    <ClInclude Include="splashScreen.h">
      <Filter>Header Files</Filter>
    </ClInclude>
    <ClInclude Include="inAppPrefs.h">
      <Filter>Header Files</Filter>
    </ClInclude>
    <ClInclude Include="settingsDialog.h">
      <Filter>Header Files</Filter>
    </ClInclude>
    <ClInclude Include="settingsIDs.h">
      <Filter>Header Files</Filter>
    </ClInclude>
    <ClInclude Include="toolbarControl.h">
      <Filter>Header Files</Filter>
    </ClInclude>
    <ClInclude Include="toolbarIDs.h">
      <Filter>Header Files</Filter>
    </ClInclude>
    <ClInclude Include="hotkeys.h">
      <Filter>Header Files</Filter>
    </ClInclude>
    <ClInclude Include="stdDialogBoxes.h">
      <Filter>Header Files</Filter>
    </ClInclude>
    <ClInclude Include="clipboardOps.h">
      <Filter>Header Files</Filter>
    </ClInclude>
    <ClInclude Include="translations.h">
      <Filter>Header Files</Filter>
    </ClInclude>
    <ClInclude Include="service.h">
      <Filter>Header Files</Filter>
    </ClInclude>
    <ClInclude Include="translationconsts.h">
      <Filter>Header Files</Filter>
    </ClInclude>
    <ClInclude Include="systemCheck.h">
      <Filter>Header Files</Filter>
    </ClInclude>
    <ClInclude Include="resource1.h">
      <Filter>Header Files</Filter>
    </ClInclude>
    <ClInclude Include="contextMenu.h">
      <Filter>Header Files</Filter>
    </ClInclude>
    <ClInclude Include="menuUtils.h">
      <Filter>Header Files</Filter>
    </ClInclude>
    <ClInclude Include="recentFiles.h">
      <Filter>Header Files</Filter>
    </ClInclude>
    <ClInclude Include="getLastError.h">
      <Filter>Header Files</Filter>
    </ClInclude>
    <ClInclude Include="mainEditUtils.h">
      <Filter>Header Files</Filter>
    </ClInclude>
    <ClInclude Include="aboutDialog.h">
      <Filter>Header Files</Filter>
    </ClInclude>
    <ClInclude Include="toolTip.h">
      <Filter>Header Files</Filter>
    </ClInclude>
    <ClInclude Include="timeDate.h">
      <Filter>Header Files</Filter>
    </ClInclude>
    <ClInclude Include="license.h">
      <Filter>Header Files</Filter>
    </ClInclude>
    <ClInclude Include="inputLangChange.h">
      <Filter>Header Files</Filter>
    </ClInclude>
  </ItemGroup>
  <ItemGroup>
    <Text Include="systemRequirements.txt">
      <Filter>Header Files</Filter>
    </Text>
  </ItemGroup>
  <ItemGroup>
    <Image Include="..\Debug\icons\system\texEditIcon32x32.ico" />
    <Image Include="..\Debug\icons\system\gear.ico" />
    <Image Include="icons\toolbar\stdpack\docNew.ico" />
    <Image Include="icons\toolbar\stdpack\docOpen.ico" />
    <Image Include="icons\toolbar\stdpack\docPrint.ico" />
    <Image Include="icons\toolbar\stdpack\docSave.ico" />
    <Image Include="icons\toolbar\stdpack\insImage.ico" />
    <Image Include="icons\toolbar\stdpack\justifyCenter.ico" />
    <Image Include="icons\toolbar\stdpack\justifyLeft.ico" />
    <Image Include="icons\toolbar\stdpack\justifyRight.ico" />
    <Image Include="icons\toolbar\stdpack\styleBold.ico" />
    <Image Include="icons\toolbar\stdpack\styleColor.ico" />
    <Image Include="icons\toolbar\stdpack\styleFont.ico" />
    <Image Include="icons\toolbar\stdpack\styleItalic.ico" />
    <Image Include="icons\toolbar\stdpack\underlined.ico" />
    <Image Include="icons\system\texEditIcon32x32.ico" />
    <Image Include="icons\system\gear.ico" />
    <Image Include="icons\langFlags\USA.ico" />
    <Image Include="icons\langFlags\ru.ico" />
    <Image Include="C:\Users\Theta1\Desktop\closeIcon.ico" />
    <Image Include="C:\Users\Theta1\Desktop\saveIcon.ico" />
  </ItemGroup>
  <ItemGroup>
    <Manifest Include="texEdit.manifest">
      <Filter>Source Files</Filter>
    </Manifest>
  </ItemGroup>
  <ItemGroup>
    <ResourceCompile Include="texEdit.rc" />
  </ItemGroup>
  <ItemGroup>
    <None Include="ClassDiagram.cd" />
  </ItemGroup>
</Project>